
Microsoft Visual Studio Solution File, Format Version 12.00
# Visual Studio Version 17
VisualStudioVersion = 17.3.32825.248
MinimumVisualStudioVersion = 10.0.40219.1
Project("{FAE04EC0-301F-11D3-BF4B-00C04F79EFBC}") = "MetodosAbstratos", "MetodosAbstratos\MetodosAbstratos.csproj", "{FEFE794D-0727-4CB8-ACA4-2EF446C68C2C}"
EndProject
Global
	GlobalSection(SolutionConfigurationPlatforms) = preSolution
		Debug|Any CPU = Debug|Any CPU
		Release|Any CPU = Release|Any CPU
	EndGlobalSection
	GlobalSection(ProjectConfigurationPlatforms) = postSolution
		{FEFE794D-0727-4CB8-ACA4-2EF446C68C2C}.Debug|Any CPU.ActiveCfg = Debug|Any CPU
		{FEFE794D-0727-4CB8-ACA4-2EF446C68C2C}.Debug|Any CPU.Build.0 = Debug|Any CPU
		{FEFE794D-0727-4CB8-ACA4-2EF446C68C2C}.Release|Any CPU.ActiveCfg = Release|Any CPU
		{FEFE794D-0727-4CB8-ACA4-2EF446C68C2C}.Release|Any CPU.Build.0 = Release|Any CPU
	EndGlobalSection
	GlobalSection(SolutionProperties) = preSolution
		HideSolutionNode = FALSE
	EndGlobalSection
	GlobalSection(ExtensibilityGlobals) = postSolution
		SolutionGuid = {77DC7038-F26B-4486-8607-9D9664CA519D}
	EndGlobalSection
EndGlobal
